
Microsoft Visual Studio Solution File, Format Version 12.00
# Visual Studio Version 17
VisualStudioVersion = 17.9.34728.123
MinimumVisualStudioVersion = 10.0.40219.1
Project("{FAE04EC0-301F-11D3-BF4B-00C04F79EFBC}") = "EmailQQ", "EmailQQ\EmailQQ.csproj", "{7EAF72F0-E005-473A-A477-1E5A76A11369}"
EndProject
Global
	GlobalSection(SolutionConfigurationPlatforms) = preSolution
		Debug|Any CPU = Debug|Any CPU
		Release|Any CPU = Release|Any CPU
	EndGlobalSection
	GlobalSection(ProjectConfigurationPlatforms) = postSolution
		{7EAF72F0-E005-473A-A477-1E5A76A11369}.Debug|Any CPU.ActiveCfg = Debug|Any CPU
		{7EAF72F0-E005-473A-A477-1E5A76A11369}.Debug|Any CPU.Build.0 = Debug|Any CPU
		{7EAF72F0-E005-473A-A477-1E5A76A11369}.Release|Any CPU.ActiveCfg = Release|Any CPU
		{7EAF72F0-E005-473A-A477-1E5A76A11369}.Release|Any CPU.Build.0 = Release|Any CPU
	EndGlobalSection
	GlobalSection(SolutionProperties) = preSolution
		HideSolutionNode = FALSE
	EndGlobalSection
	GlobalSection(ExtensibilityGlobals) = postSolution
		SolutionGuid = {4A846F7B-3BF2-43EA-86D4-9EBCF45BA217}
	EndGlobalSection
EndGlobal
